# This file is autogenerated, do not edit; changes may be undone by the next 'dep ensure'.


[[projects]]
  branch = "master"
  name = "github.com/athreya92/telnet"
  packages = ["."]
  revision = "d4b98a7fbd8be8fef8c88c3c9c8aaf82043af0e5"

[solve-meta]
  analyzer-name = "dep"
  analyzer-version = 1
  inputs-digest = "4ab27191c52679e53c59217135f15dd3d07086efb60a5dcffbfd91a94205e889"
  solver-name = "gps-cdcl"
  solver-version = 1
