# This file is autogenerated, do not edit; changes may be undone by the next 'dep ensure'.


[[projects]]
  branch = "master"
  name = "github.com/gocql/gocql"
  packages = [".","internal/lru","internal/murmur","internal/streams"]
  revision = "1762cce65eafd098045e30ef2b7df2c289740971"

[[projects]]
  branch = "master"
  name = "github.com/golang/snappy"
  packages = ["."]
  revision = "553a641470496b2327abcac10b36396bd98e45c9"

[[projects]]
  branch = "master"
  name = "github.com/hailocab/go-hostpool"
  packages = ["."]
  revision = "e80d13ce29ede4452c43dea11e79b9bc8a15b478"

[[projects]]
  name = "gopkg.in/inf.v0"
  packages = ["."]
  revision = "3887ee99ecf07df5b447e9b00d9c0b2adaa9f3e4"
  version = "v0.9.0"

[solve-meta]
  analyzer-name = "dep"
  analyzer-version = 1
  inputs-digest = "e2bd0cceec3ceebc2655c035c0c79827f5184a6302eeb6cea091593a708e0348"
  solver-name = "gps-cdcl"
  solver-version = 1
